
Microsoft Visual Studio Solution File, Format Version 12.00
# Visual Studio Version 16
VisualStudioVersion = 16.0.30907.101
MinimumVisualStudioVersion = 10.0.40219.1
Project("{FAE04EC0-301F-11D3-BF4B-00C04F79EFBC}") = "DemoExTwo", "DemoExTwo\DemoExTwo.csproj", "{C76543AC-54AE-4813-B0E6-290016E2F2D0}"
EndProject
Global
	GlobalSection(SolutionConfigurationPlatforms) = preSolution
		Debug|Any CPU = Debug|Any CPU
		Release|Any CPU = Release|Any CPU
	EndGlobalSection
	GlobalSection(ProjectConfigurationPlatforms) = postSolution
		{C76543AC-54AE-4813-B0E6-290016E2F2D0}.Debug|Any CPU.ActiveCfg = Debug|Any CPU
		{C76543AC-54AE-4813-B0E6-290016E2F2D0}.Debug|Any CPU.Build.0 = Debug|Any CPU
		{C76543AC-54AE-4813-B0E6-290016E2F2D0}.Release|Any CPU.ActiveCfg = Release|Any CPU
		{C76543AC-54AE-4813-B0E6-290016E2F2D0}.Release|Any CPU.Build.0 = Release|Any CPU
	EndGlobalSection
	GlobalSection(SolutionProperties) = preSolution
		HideSolutionNode = FALSE
	EndGlobalSection
	GlobalSection(ExtensibilityGlobals) = postSolution
		SolutionGuid = {5908091C-F69C-4535-B1E9-2A177D1EC7F6}
	EndGlobalSection
EndGlobal
